
Microsoft Visual Studio Solution File, Format Version 12.00
# Visual Studio Version 17
VisualStudioVersion = 17.8.34330.188
MinimumVisualStudioVersion = 10.0.40219.1
Project("{2150E333-8FDC-42A3-9474-1A3956D46DE8}") = "src", "src", "{D3F85D17-4B7A-4599-9610-292C85BF7729}"
EndProject
Project("{2150E333-8FDC-42A3-9474-1A3956D46DE8}") = "test", "test", "{2EBEBF06-BE93-4518-BB4B-82AFCFB7EF50}"
EndProject
Project("{2150E333-8FDC-42A3-9474-1A3956D46DE8}") = "API", "API", "{F5B60E86-3578-4718-8E9D-C975B3B2CF73}"
EndProject
Project("{2150E333-8FDC-42A3-9474-1A3956D46DE8}") = "Core", "Core", "{CCBF7DE3-1246-40B6-9E9A-DB7EB8149EF7}"
EndProject
Project("{2150E333-8FDC-42A3-9474-1A3956D46DE8}") = "Infrastructure", "Infrastructure", "{8A9741D2-9A4A-4FD8-B09A-D94121357C33}"
EndProject
Project("{2150E333-8FDC-42A3-9474-1A3956D46DE8}") = "Domain", "Domain", "{38125DA0-B80A-4DB3-83FA-56834373439C}"
EndProject
Project("{2150E333-8FDC-42A3-9474-1A3956D46DE8}") = "Application", "Application", "{51D69365-7AA5-409B-87F0-CF58468E8731}"
EndProject
Project("{2150E333-8FDC-42A3-9474-1A3956D46DE8}") = "UI", "UI", "{4DF6A097-D9F4-40F1-A46A-FE0805E303A1}"
EndProject
Project("{9A19103F-16F7-4668-BE54-9A1E7A4F7556}") = "LingoLabs.Domain", "LingoLabs.Domain\LingoLabs.Domain.csproj", "{EF5928C9-E9F5-417E-9894-4A44B6E0537D}"
EndProject
Project("{9A19103F-16F7-4668-BE54-9A1E7A4F7556}") = "LingoLabs.Infrastructure", "LingoLabs.Infrastructure\LingoLabs.Infrastructure.csproj", "{A1511D25-2A65-4976-8C62-0504BFD943E4}"
EndProject
Project("{9A19103F-16F7-4668-BE54-9A1E7A4F7556}") = "LingoLabs.Application", "LingoLabs.Application\LingoLabs.Application.csproj", "{99ED11C6-9C4F-4319-8F45-F15F46B95BB3}"
EndProject
Project("{9A19103F-16F7-4668-BE54-9A1E7A4F7556}") = "LingoLabs.API", "LingoLabs.API\LingoLabs.API.csproj", "{562D5A1B-FE76-4ABC-95FD-5C185F774955}"
EndProject
Project("{9A19103F-16F7-4668-BE54-9A1E7A4F7556}") = "LingoLabs.Identity", "LingoLabs.Identity\LingoLabs.Identity.csproj", "{6C39786A-DEB0-4003-B595-C439C0223225}"
	ProjectSection(ProjectDependencies) = postProject
		{99ED11C6-9C4F-4319-8F45-F15F46B95BB3} = {99ED11C6-9C4F-4319-8F45-F15F46B95BB3}
		{EF5928C9-E9F5-417E-9894-4A44B6E0537D} = {EF5928C9-E9F5-417E-9894-4A44B6E0537D}
	EndProjectSection
EndProject
Project("{9A19103F-16F7-4668-BE54-9A1E7A4F7556}") = "LingoLabs.App", "LingoLabs.App\LingoLabs.App.csproj", "{35605583-2011-4BAB-AC25-45C3466A349E}"
EndProject
Project("{2150E333-8FDC-42A3-9474-1A3956D46DE8}") = "ML", "ML", "{080CF97E-063B-47F8-B531-810264E5FBD0}"
EndProject
Project("{9A19103F-16F7-4668-BE54-9A1E7A4F7556}") = "LingoLabs_ML", "LingoLabs_ML\LingoLabs_ML.csproj", "{02500404-14CE-4F96-8CB6-D3227B66067C}"
EndProject
Project("{9A19103F-16F7-4668-BE54-9A1E7A4F7556}") = "MLModel2_WebApi1", "MLModel2_WebApi1\MLModel2_WebApi1.csproj", "{0BBA7F39-CD05-4478-98EE-82D32FB0AEF1}"
EndProject
Project("{9A19103F-16F7-4668-BE54-9A1E7A4F7556}") = "MLModel1_WebApi", "MLModel1_WebApi\MLModel1_WebApi.csproj", "{56B53887-199A-4D8D-A43C-4EDEE8B61DDA}"
EndProject
Global
	GlobalSection(SolutionConfigurationPlatforms) = preSolution
		Debug|Any CPU = Debug|Any CPU
		Debug|iPhone = Debug|iPhone
		Debug|iPhoneSimulator = Debug|iPhoneSimulator
		Release|Any CPU = Release|Any CPU
		Release|iPhone = Release|iPhone
		Release|iPhoneSimulator = Release|iPhoneSimulator
	EndGlobalSection
	GlobalSection(ProjectConfigurationPlatforms) = postSolution
		{EF5928C9-E9F5-417E-9894-4A44B6E0537D}.Debug|Any CPU.ActiveCfg = Debug|Any CPU
		{EF5928C9-E9F5-417E-9894-4A44B6E0537D}.Debug|Any CPU.Build.0 = Debug|Any CPU
		{EF5928C9-E9F5-417E-9894-4A44B6E0537D}.Debug|iPhone.ActiveCfg = Debug|Any CPU
		{EF5928C9-E9F5-417E-9894-4A44B6E0537D}.Debug|iPhone.Build.0 = Debug|Any CPU
		{EF5928C9-E9F5-417E-9894-4A44B6E0537D}.Debug|iPhoneSimulator.ActiveCfg = Debug|Any CPU
		{EF5928C9-E9F5-417E-9894-4A44B6E0537D}.Debug|iPhoneSimulator.Build.0 = Debug|Any CPU
		{EF5928C9-E9F5-417E-9894-4A44B6E0537D}.Release|Any CPU.ActiveCfg = Release|Any CPU
		{EF5928C9-E9F5-417E-9894-4A44B6E0537D}.Release|Any CPU.Build.0 = Release|Any CPU
		{EF5928C9-E9F5-417E-9894-4A44B6E0537D}.Release|iPhone.ActiveCfg = Release|Any CPU
		{EF5928C9-E9F5-417E-9894-4A44B6E0537D}.Release|iPhone.Build.0 = Release|Any CPU
		{EF5928C9-E9F5-417E-9894-4A44B6E0537D}.Release|iPhoneSimulator.ActiveCfg = Release|Any CPU
		{EF5928C9-E9F5-417E-9894-4A44B6E0537D}.Release|iPhoneSimulator.Build.0 = Release|Any CPU
		{A1511D25-2A65-4976-8C62-0504BFD943E4}.Debug|Any CPU.ActiveCfg = Debug|Any CPU
		{A1511D25-2A65-4976-8C62-0504BFD943E4}.Debug|Any CPU.Build.0 = Debug|Any CPU
		{A1511D25-2A65-4976-8C62-0504BFD943E4}.Debug|iPhone.ActiveCfg = Debug|Any CPU
		{A1511D25-2A65-4976-8C62-0504BFD943E4}.Debug|iPhone.Build.0 = Debug|Any CPU
		{A1511D25-2A65-4976-8C62-0504BFD943E4}.Debug|iPhoneSimulator.ActiveCfg = Debug|Any CPU
		{A1511D25-2A65-4976-8C62-0504BFD943E4}.Debug|iPhoneSimulator.Build.0 = Debug|Any CPU
		{A1511D25-2A65-4976-8C62-0504BFD943E4}.Release|Any CPU.ActiveCfg = Release|Any CPU
		{A1511D25-2A65-4976-8C62-0504BFD943E4}.Release|Any CPU.Build.0 = Release|Any CPU
		{A1511D25-2A65-4976-8C62-0504BFD943E4}.Release|iPhone.ActiveCfg = Release|Any CPU
		{A1511D25-2A65-4976-8C62-0504BFD943E4}.Release|iPhone.Build.0 = Release|Any CPU
		{A1511D25-2A65-4976-8C62-0504BFD943E4}.Release|iPhoneSimulator.ActiveCfg = Release|Any CPU
		{A1511D25-2A65-4976-8C62-0504BFD943E4}.Release|iPhoneSimulator.Build.0 = Release|Any CPU
		{99ED11C6-9C4F-4319-8F45-F15F46B95BB3}.Debug|Any CPU.ActiveCfg = Debug|Any CPU
		{99ED11C6-9C4F-4319-8F45-F15F46B95BB3}.Debug|Any CPU.Build.0 = Debug|Any CPU
		{99ED11C6-9C4F-4319-8F45-F15F46B95BB3}.Debug|iPhone.ActiveCfg = Debug|Any CPU
		{99ED11C6-9C4F-4319-8F45-F15F46B95BB3}.Debug|iPhone.Build.0 = Debug|Any CPU
		{99ED11C6-9C4F-4319-8F45-F15F46B95BB3}.Debug|iPhoneSimulator.ActiveCfg = Debug|Any CPU
		{99ED11C6-9C4F-4319-8F45-F15F46B95BB3}.Debug|iPhoneSimulator.Build.0 = Debug|Any CPU
		{99ED11C6-9C4F-4319-8F45-F15F46B95BB3}.Release|Any CPU.ActiveCfg = Release|Any CPU
		{99ED11C6-9C4F-4319-8F45-F15F46B95BB3}.Release|Any CPU.Build.0 = Release|Any CPU
		{99ED11C6-9C4F-4319-8F45-F15F46B95BB3}.Release|iPhone.ActiveCfg = Release|Any CPU
		{99ED11C6-9C4F-4319-8F45-F15F46B95BB3}.Release|iPhone.Build.0 = Release|Any CPU
		{99ED11C6-9C4F-4319-8F45-F15F46B95BB3}.Release|iPhoneSimulator.ActiveCfg = Release|Any CPU
		{99ED11C6-9C4F-4319-8F45-F15F46B95BB3}.Release|iPhoneSimulator.Build.0 = Release|Any CPU
		{562D5A1B-FE76-4ABC-95FD-5C185F774955}.Debug|Any CPU.ActiveCfg = Debug|Any CPU
		{562D5A1B-FE76-4ABC-95FD-5C185F774955}.Debug|Any CPU.Build.0 = Debug|Any CPU
		{562D5A1B-FE76-4ABC-95FD-5C185F774955}.Debug|iPhone.ActiveCfg = Debug|Any CPU
		{562D5A1B-FE76-4ABC-95FD-5C185F774955}.Debug|iPhone.Build.0 = Debug|Any CPU
		{562D5A1B-FE76-4ABC-95FD-5C185F774955}.Debug|iPhoneSimulator.ActiveCfg = Debug|Any CPU
		{562D5A1B-FE76-4ABC-95FD-5C185F774955}.Debug|iPhoneSimulator.Build.0 = Debug|Any CPU
		{562D5A1B-FE76-4ABC-95FD-5C185F774955}.Release|Any CPU.ActiveCfg = Release|Any CPU
		{562D5A1B-FE76-4ABC-95FD-5C185F774955}.Release|Any CPU.Build.0 = Release|Any CPU
		{562D5A1B-FE76-4ABC-95FD-5C185F774955}.Release|iPhone.ActiveCfg = Release|Any CPU
		{562D5A1B-FE76-4ABC-95FD-5C185F774955}.Release|iPhone.Build.0 = Release|Any CPU
		{562D5A1B-FE76-4ABC-95FD-5C185F774955}.Release|iPhoneSimulator.ActiveCfg = Release|Any CPU
		{562D5A1B-FE76-4ABC-95FD-5C185F774955}.Release|iPhoneSimulator.Build.0 = Release|Any CPU
		{6C39786A-DEB0-4003-B595-C439C0223225}.Debug|Any CPU.ActiveCfg = Debug|Any CPU
		{6C39786A-DEB0-4003-B595-C439C0223225}.Debug|Any CPU.Build.0 = Debug|Any CPU
		{6C39786A-DEB0-4003-B595-C439C0223225}.Debug|iPhone.ActiveCfg = Debug|Any CPU
		{6C39786A-DEB0-4003-B595-C439C0223225}.Debug|iPhone.Build.0 = Debug|Any CPU
		{6C39786A-DEB0-4003-B595-C439C0223225}.Debug|iPhoneSimulator.ActiveCfg = Debug|Any CPU
		{6C39786A-DEB0-4003-B595-C439C0223225}.Debug|iPhoneSimulator.Build.0 = Debug|Any CPU
		{6C39786A-DEB0-4003-B595-C439C0223225}.Release|Any CPU.ActiveCfg = Release|Any CPU
		{6C39786A-DEB0-4003-B595-C439C0223225}.Release|Any CPU.Build.0 = Release|Any CPU
		{6C39786A-DEB0-4003-B595-C439C0223225}.Release|iPhone.ActiveCfg = Release|Any CPU
		{6C39786A-DEB0-4003-B595-C439C0223225}.Release|iPhone.Build.0 = Release|Any CPU
		{6C39786A-DEB0-4003-B595-C439C0223225}.Release|iPhoneSimulator.ActiveCfg = Release|Any CPU
		{6C39786A-DEB0-4003-B595-C439C0223225}.Release|iPhoneSimulator.Build.0 = Release|Any CPU
		{35605583-2011-4BAB-AC25-45C3466A349E}.Debug|Any CPU.ActiveCfg = Debug|Any CPU
		{35605583-2011-4BAB-AC25-45C3466A349E}.Debug|Any CPU.Build.0 = Debug|Any CPU
		{35605583-2011-4BAB-AC25-45C3466A349E}.Debug|iPhone.ActiveCfg = Debug|Any CPU
		{35605583-2011-4BAB-AC25-45C3466A349E}.Debug|iPhone.Build.0 = Debug|Any CPU
		{35605583-2011-4BAB-AC25-45C3466A349E}.Debug|iPhoneSimulator.ActiveCfg = Debug|Any CPU
		{35605583-2011-4BAB-AC25-45C3466A349E}.Debug|iPhoneSimulator.Build.0 = Debug|Any CPU
		{35605583-2011-4BAB-AC25-45C3466A349E}.Release|Any CPU.ActiveCfg = Release|Any CPU
		{35605583-2011-4BAB-AC25-45C3466A349E}.Release|Any CPU.Build.0 = Release|Any CPU
		{35605583-2011-4BAB-AC25-45C3466A349E}.Release|iPhone.ActiveCfg = Release|Any CPU
		{35605583-2011-4BAB-AC25-45C3466A349E}.Release|iPhone.Build.0 = Release|Any CPU
		{35605583-2011-4BAB-AC25-45C3466A349E}.Release|iPhoneSimulator.ActiveCfg = Release|Any CPU
		{35605583-2011-4BAB-AC25-45C3466A349E}.Release|iPhoneSimulator.Build.0 = Release|Any CPU
		{02500404-14CE-4F96-8CB6-D3227B66067C}.Debug|Any CPU.ActiveCfg = Debug|Any CPU
		{02500404-14CE-4F96-8CB6-D3227B66067C}.Debug|Any CPU.Build.0 = Debug|Any CPU
		{02500404-14CE-4F96-8CB6-D3227B66067C}.Debug|iPhone.ActiveCfg = Debug|Any CPU
		{02500404-14CE-4F96-8CB6-D3227B66067C}.Debug|iPhone.Build.0 = Debug|Any CPU
		{02500404-14CE-4F96-8CB6-D3227B66067C}.Debug|iPhoneSimulator.ActiveCfg = Debug|Any CPU
		{02500404-14CE-4F96-8CB6-D3227B66067C}.Debug|iPhoneSimulator.Build.0 = Debug|Any CPU
		{02500404-14CE-4F96-8CB6-D3227B66067C}.Release|Any CPU.ActiveCfg = Release|Any CPU
		{02500404-14CE-4F96-8CB6-D3227B66067C}.Release|Any CPU.Build.0 = Release|Any CPU
		{02500404-14CE-4F96-8CB6-D3227B66067C}.Release|iPhone.ActiveCfg = Release|Any CPU
		{02500404-14CE-4F96-8CB6-D3227B66067C}.Release|iPhone.Build.0 = Release|Any CPU
		{02500404-14CE-4F96-8CB6-D3227B66067C}.Release|iPhoneSimulator.ActiveCfg = Release|Any CPU
		{02500404-14CE-4F96-8CB6-D3227B66067C}.Release|iPhoneSimulator.Build.0 = Release|Any CPU
		{0BBA7F39-CD05-4478-98EE-82D32FB0AEF1}.Debug|Any CPU.ActiveCfg = Debug|Any CPU
		{0BBA7F39-CD05-4478-98EE-82D32FB0AEF1}.Debug|Any CPU.Build.0 = Debug|Any CPU
		{0BBA7F39-CD05-4478-98EE-82D32FB0AEF1}.Debug|iPhone.ActiveCfg = Debug|Any CPU
		{0BBA7F39-CD05-4478-98EE-82D32FB0AEF1}.Debug|iPhone.Build.0 = Debug|Any CPU
		{0BBA7F39-CD05-4478-98EE-82D32FB0AEF1}.Debug|iPhoneSimulator.ActiveCfg = Debug|Any CPU
		{0BBA7F39-CD05-4478-98EE-82D32FB0AEF1}.Debug|iPhoneSimulator.Build.0 = Debug|Any CPU
		{0BBA7F39-CD05-4478-98EE-82D32FB0AEF1}.Release|Any CPU.ActiveCfg = Release|Any CPU
		{0BBA7F39-CD05-4478-98EE-82D32FB0AEF1}.Release|Any CPU.Build.0 = Release|Any CPU
		{0BBA7F39-CD05-4478-98EE-82D32FB0AEF1}.Release|iPhone.ActiveCfg = Release|Any CPU
		{0BBA7F39-CD05-4478-98EE-82D32FB0AEF1}.Release|iPhone.Build.0 = Release|Any CPU
		{0BBA7F39-CD05-4478-98EE-82D32FB0AEF1}.Release|iPhoneSimulator.ActiveCfg = Release|Any CPU
		{0BBA7F39-CD05-4478-98EE-82D32FB0AEF1}.Release|iPhoneSimulator.Build.0 = Release|Any CPU
		{56B53887-199A-4D8D-A43C-4EDEE8B61DDA}.Debug|Any CPU.ActiveCfg = Debug|Any CPU
		{56B53887-199A-4D8D-A43C-4EDEE8B61DDA}.Debug|Any CPU.Build.0 = Debug|Any CPU
		{56B53887-199A-4D8D-A43C-4EDEE8B61DDA}.Debug|iPhone.ActiveCfg = Debug|Any CPU
		{56B53887-199A-4D8D-A43C-4EDEE8B61DDA}.Debug|iPhone.Build.0 = Debug|Any CPU
		{56B53887-199A-4D8D-A43C-4EDEE8B61DDA}.Debug|iPhoneSimulator.ActiveCfg = Debug|Any CPU
		{56B53887-199A-4D8D-A43C-4EDEE8B61DDA}.Debug|iPhoneSimulator.Build.0 = Debug|Any CPU
		{56B53887-199A-4D8D-A43C-4EDEE8B61DDA}.Release|Any CPU.ActiveCfg = Release|Any CPU
		{56B53887-199A-4D8D-A43C-4EDEE8B61DDA}.Release|Any CPU.Build.0 = Release|Any CPU
		{56B53887-199A-4D8D-A43C-4EDEE8B61DDA}.Release|iPhone.ActiveCfg = Release|Any CPU
		{56B53887-199A-4D8D-A43C-4EDEE8B61DDA}.Release|iPhone.Build.0 = Release|Any CPU
		{56B53887-199A-4D8D-A43C-4EDEE8B61DDA}.Release|iPhoneSimulator.ActiveCfg = Release|Any CPU
		{56B53887-199A-4D8D-A43C-4EDEE8B61DDA}.Release|iPhoneSimulator.Build.0 = Release|Any CPU
	EndGlobalSection
	GlobalSection(SolutionProperties) = preSolution
		HideSolutionNode = FALSE
	EndGlobalSection
	GlobalSection(NestedProjects) = preSolution
		{F5B60E86-3578-4718-8E9D-C975B3B2CF73} = {D3F85D17-4B7A-4599-9610-292C85BF7729}
		{CCBF7DE3-1246-40B6-9E9A-DB7EB8149EF7} = {D3F85D17-4B7A-4599-9610-292C85BF7729}
		{8A9741D2-9A4A-4FD8-B09A-D94121357C33} = {D3F85D17-4B7A-4599-9610-292C85BF7729}
		{38125DA0-B80A-4DB3-83FA-56834373439C} = {CCBF7DE3-1246-40B6-9E9A-DB7EB8149EF7}
		{51D69365-7AA5-409B-87F0-CF58468E8731} = {CCBF7DE3-1246-40B6-9E9A-DB7EB8149EF7}
		{4DF6A097-D9F4-40F1-A46A-FE0805E303A1} = {D3F85D17-4B7A-4599-9610-292C85BF7729}
		{EF5928C9-E9F5-417E-9894-4A44B6E0537D} = {38125DA0-B80A-4DB3-83FA-56834373439C}
		{A1511D25-2A65-4976-8C62-0504BFD943E4} = {8A9741D2-9A4A-4FD8-B09A-D94121357C33}
		{99ED11C6-9C4F-4319-8F45-F15F46B95BB3} = {51D69365-7AA5-409B-87F0-CF58468E8731}
		{562D5A1B-FE76-4ABC-95FD-5C185F774955} = {F5B60E86-3578-4718-8E9D-C975B3B2CF73}
		{6C39786A-DEB0-4003-B595-C439C0223225} = {8A9741D2-9A4A-4FD8-B09A-D94121357C33}
		{35605583-2011-4BAB-AC25-45C3466A349E} = {4DF6A097-D9F4-40F1-A46A-FE0805E303A1}
		{080CF97E-063B-47F8-B531-810264E5FBD0} = {D3F85D17-4B7A-4599-9610-292C85BF7729}
		{02500404-14CE-4F96-8CB6-D3227B66067C} = {080CF97E-063B-47F8-B531-810264E5FBD0}
		{0BBA7F39-CD05-4478-98EE-82D32FB0AEF1} = {080CF97E-063B-47F8-B531-810264E5FBD0}
		{56B53887-199A-4D8D-A43C-4EDEE8B61DDA} = {080CF97E-063B-47F8-B531-810264E5FBD0}
	EndGlobalSection
	GlobalSection(ExtensibilityGlobals) = postSolution
		SolutionGuid = {F613D5CF-5794-4DCD-BDE5-2505FEC33278}
	EndGlobalSection
EndGlobal
